// !$*UTF8*$!
{
	archiveVersion = 1;
	classes = {
	};
	objectVersion = 52;
	objects = {

/* Begin PBXBuildFile section */
		D68B2558257DD2550019B48A /* WireKitSampleApp.swift in Sources */ = {isa = PBXBuildFile; fileRef = D68B2557257DD2550019B48A /* WireKitSampleApp.swift */; };
		D68B255A257DD2550019B48A /* TodoListView.swift in Sources */ = {isa = PBXBuildFile; fileRef = D68B2559257DD2550019B48A /* TodoListView.swift */; };
		D68B255C257DD2560019B48A /* Assets.xcassets in Resources */ = {isa = PBXBuildFile; fileRef = D68B255B257DD2560019B48A /* Assets.xcassets */; };
		D68B255F257DD2560019B48A /* Preview Assets.xcassets in Resources */ = {isa = PBXBuildFile; fileRef = D68B255E257DD2560019B48A /* Preview Assets.xcassets */; };
		D68B2568257DD3000019B48A /* TodoListViewModel.swift in Sources */ = {isa = PBXBuildFile; fileRef = D68B2567257DD3000019B48A /* TodoListViewModel.swift */; };
		D68B2572257DD5ED0019B48A /* Todo.swift in Sources */ = {isa = PBXBuildFile; fileRef = D68B2571257DD5ED0019B48A /* Todo.swift */; };
		D68B257A257DD7070019B48A /* TodoAPI.swift in Sources */ = {isa = PBXBuildFile; fileRef = D68B2579257DD7070019B48A /* TodoAPI.swift */; };
		D6B466AA25980D2B00695194 /* WireKit in Frameworks */ = {isa = PBXBuildFile; productRef = D6B466A925980D2B00695194 /* WireKit */; };
		D6B466AF25980F4000695194 /* TodoAddView.swift in Sources */ = {isa = PBXBuildFile; fileRef = D6B466AE25980F4000695194 /* TodoAddView.swift */; };
		D6C59FA6258C5D8700AAEDCF /* Empty.swift in Sources */ = {isa = PBXBuildFile; fileRef = D6C59FA5258C5D8700AAEDCF /* Empty.swift */; };
/* End PBXBuildFile section */

/* Begin PBXFileReference section */
		D68B2554257DD2550019B48A /* WireKitSample.app */ = {isa = PBXFileReference; explicitFileType = wrapper.application; includeInIndex = 0; path = WireKitSample.app; sourceTree = BUILT_PRODUCTS_DIR; };
		D68B2557257DD2550019B48A /* WireKitSampleApp.swift */ = {isa = PBXFileReference; lastKnownFileType = sourcecode.swift; path = WireKitSampleApp.swift; sourceTree = "<group>"; };
		D68B2559257DD2550019B48A /* TodoListView.swift */ = {isa = PBXFileReference; lastKnownFileType = sourcecode.swift; path = TodoListView.swift; sourceTree = "<group>"; };
		D68B255B257DD2560019B48A /* Assets.xcassets */ = {isa = PBXFileReference; lastKnownFileType = folder.assetcatalog; path = Assets.xcassets; sourceTree = "<group>"; };
		D68B255E257DD2560019B48A /* Preview Assets.xcassets */ = {isa = PBXFileReference; lastKnownFileType = folder.assetcatalog; path = "Preview Assets.xcassets"; sourceTree = "<group>"; };
		D68B2560257DD2560019B48A /* Info.plist */ = {isa = PBXFileReference; lastKnownFileType = text.plist.xml; path = Info.plist; sourceTree = "<group>"; };
		D68B2567257DD3000019B48A /* TodoListViewModel.swift */ = {isa = PBXFileReference; lastKnownFileType = sourcecode.swift; path = TodoListViewModel.swift; sourceTree = "<group>"; };
		D68B2571257DD5ED0019B48A /* Todo.swift */ = {isa = PBXFileReference; lastKnownFileType = sourcecode.swift; path = Todo.swift; sourceTree = "<group>"; };
		D68B2579257DD7070019B48A /* TodoAPI.swift */ = {isa = PBXFileReference; lastKnownFileType = sourcecode.swift; path = TodoAPI.swift; sourceTree = "<group>"; };
		D6B466AE25980F4000695194 /* TodoAddView.swift */ = {isa = PBXFileReference; lastKnownFileType = sourcecode.swift; path = TodoAddView.swift; sourceTree = "<group>"; };
		D6C59FA5258C5D8700AAEDCF /* Empty.swift */ = {isa = PBXFileReference; lastKnownFileType = sourcecode.swift; path = Empty.swift; sourceTree = "<group>"; };
/* End PBXFileReference section */

/* Begin PBXFrameworksBuildPhase section */
		D68B2551257DD2550019B48A /* Frameworks */ = {
			isa = PBXFrameworksBuildPhase;
			buildActionMask = 2147483647;
			files = (
				D6B466AA25980D2B00695194 /* WireKit in Frameworks */,
			);
			runOnlyForDeploymentPostprocessing = 0;
		};
/* End PBXFrameworksBuildPhase section */

/* Begin PBXGroup section */
		D68B254B257DD2550019B48A = {
			isa = PBXGroup;
			children = (
				D68B2556257DD2550019B48A /* WireKitSample */,
				D68B2555257DD2550019B48A /* Products */,
			);
			sourceTree = "<group>";
		};
		D68B2555257DD2550019B48A /* Products */ = {
			isa = PBXGroup;
			children = (
				D68B2554257DD2550019B48A /* WireKitSample.app */,
			);
			name = Products;
			sourceTree = "<group>";
		};
		D68B2556257DD2550019B48A /* WireKitSample */ = {
			isa = PBXGroup;
			children = (
				D6C59FA5258C5D8700AAEDCF /* Empty.swift */,
				D68B2571257DD5ED0019B48A /* Todo.swift */,
				D68B2579257DD7070019B48A /* TodoAPI.swift */,
				D68B256E257DD57B0019B48A /* TodoList */,
				D68B2557257DD2550019B48A /* WireKitSampleApp.swift */,
				D68B255B257DD2560019B48A /* Assets.xcassets */,
				D68B2560257DD2560019B48A /* Info.plist */,
				D68B255D257DD2560019B48A /* Preview Content */,
			);
			path = WireKitSample;
			sourceTree = "<group>";
		};
		D68B255D257DD2560019B48A /* Preview Content */ = {
			isa = PBXGroup;
			children = (
				D68B255E257DD2560019B48A /* Preview Assets.xcassets */,
			);
			path = "Preview Content";
			sourceTree = "<group>";
		};
		D68B256E257DD57B0019B48A /* TodoList */ = {
			isa = PBXGroup;
			children = (
				D68B2567257DD3000019B48A /* TodoListViewModel.swift */,
				D68B2559257DD2550019B48A /* TodoListView.swift */,
				D6B466AE25980F4000695194 /* TodoAddView.swift */,
			);
			path = TodoList;
			sourceTree = "<group>";
		};
/* End PBXGroup section */

/* Begin PBXNativeTarget section */
		D68B2553257DD2550019B48A /* WireKitSample */ = {
			isa = PBXNativeTarget;
			buildConfigurationList = D68B2563257DD2560019B48A /* Build configuration list for PBXNativeTarget "WireKitSample" */;
			buildPhases = (
				D68B2550257DD2550019B48A /* Sources */,
				D68B2551257DD2550019B48A /* Frameworks */,
				D68B2552257DD2550019B48A /* Resources */,
			);
			buildRules = (
			);
			dependencies = (
			);
			name = WireKitSample;
			packageProductDependencies = (
				D6B466A925980D2B00695194 /* WireKit */,
			);
			productName = WireKitSample;
			productReference = D68B2554257DD2550019B48A /* WireKitSample.app */;
			productType = "com.apple.product-type.application";
		};
/* End PBXNativeTarget section */

/* Begin PBXProject section */
		D68B254C257DD2550019B48A /* Project object */ = {
			isa = PBXProject;
			attributes = {
				LastSwiftUpdateCheck = 1220;
				LastUpgradeCheck = 1220;
				TargetAttributes = {
					D68B2553257DD2550019B48A = {
						CreatedOnToolsVersion = 12.2;
					};
				};
			};
			buildConfigurationList = D68B254F257DD2550019B48A /* Build configuration list for PBXProject "WireKitSample" */;
			compatibilityVersion = "Xcode 9.3";
			developmentRegion = en;
			hasScannedForEncodings = 0;
			knownRegions = (
				en,
				Base,
			);
			mainGroup = D68B254B257DD2550019B48A;
			packageReferences = (
				D6B466A825980D2B00695194 /* XCRemoteSwiftPackageReference "WireKit" */,
			);
			productRefGroup = D68B2555257DD2550019B48A /* Products */;
			projectDirPath = "";
			projectRoot = "";
			targets = (
				D68B2553257DD2550019B48A /* WireKitSample */,
			);
		};
/* End PBXProject section */

/* Begin PBXResourcesBuildPhase section */
		D68B2552257DD2550019B48A /* Resources */ = {
			isa = PBXResourcesBuildPhase;
			buildActionMask = 2147483647;
			files = (
				D68B255F257DD2560019B48A /* Preview Assets.xcassets in Resources */,
				D68B255C257DD2560019B48A /* Assets.xcassets in Resources */,
			);
			runOnlyForDeploymentPostprocessing = 0;
		};
/* End PBXResourcesBuildPhase section */

/* Begin PBXSourcesBuildPhase section */
		D68B2550257DD2550019B48A /* Sources */ = {
			isa = PBXSourcesBuildPhase;
			buildActionMask = 2147483647;
			files = (
				D6B466AF25980F4000695194 /* TodoAddView.swift in Sources */,
				D68B255A257DD2550019B48A /* TodoListView.swift in Sources */,
				D68B257A257DD7070019B48A /* TodoAPI.swift in Sources */,
				D68B2558257DD2550019B48A /* WireKitSampleApp.swift in Sources */,
				D68B2568257DD3000019B48A /* TodoListViewModel.swift in Sources */,
				D68B2572257DD5ED0019B48A /* Todo.swift in Sources */,
				D6C59FA6258C5D8700AAEDCF /* Empty.swift in Sources */,
			);
			runOnlyForDeploymentPostprocessing = 0;
		};
/* End PBXSourcesBuildPhase section */

/* Begin XCBuildConfiguration section */
		D68B2561257DD2560019B48A /* Debug */ = {
			isa = XCBuildConfiguration;
			buildSettings = {
				ALWAYS_SEARCH_USER_PATHS = NO;
				CLANG_ANALYZER_NONNULL = YES;
				CLANG_ANALYZER_NUMBER_OBJECT_CONVERSION = YES_AGGRESSIVE;
				CLANG_CXX_LANGUAGE_STANDARD = "gnu++14";
				CLANG_CXX_LIBRARY = "libc++";
				CLANG_ENABLE_MODULES = YES;
				CLANG_ENABLE_OBJC_ARC = YES;
				CLANG_ENABLE_OBJC_WEAK = YES;
				CLANG_WARN_BLOCK_CAPTURE_AUTORELEASING = YES;
				CLANG_WARN_BOOL_CONVERSION = YES;
				CLANG_WARN_COMMA = YES;
				CLANG_WARN_CONSTANT_CONVERSION = YES;
				CLANG_WARN_DEPRECATED_OBJC_IMPLEMENTATIONS = YES;
				CLANG_WARN_DIRECT_OBJC_ISA_USAGE = YES_ERROR;
				CLANG_WARN_DOCUMENTATION_COMMENTS = YES;
				CLANG_WARN_EMPTY_BODY = YES;
				CLANG_WARN_ENUM_CONVERSION = YES;
				CLANG_WARN_INFINITE_RECURSION = YES;
				CLANG_WARN_INT_CONVERSION = YES;
				CLANG_WARN_NON_LITERAL_NULL_CONVERSION = YES;
				CLANG_WARN_OBJC_IMPLICIT_RETAIN_SELF = YES;
				CLANG_WARN_OBJC_LITERAL_CONVERSION = YES;
				CLANG_WARN_OBJC_ROOT_CLASS = YES_ERROR;
				CLANG_WARN_QUOTED_INCLUDE_IN_FRAMEWORK_HEADER = YES;
				CLANG_WARN_RANGE_LOOP_ANALYSIS = YES;
				CLANG_WARN_STRICT_PROTOTYPES = YES;
				CLANG_WARN_SUSPICIOUS_MOVE = YES;
				CLANG_WARN_UNGUARDED_AVAILABILITY = YES_AGGRESSIVE;
				CLANG_WARN_UNREACHABLE_CODE = YES;
				CLANG_WARN__DUPLICATE_METHOD_MATCH = YES;
				COPY_PHASE_STRIP = NO;
				DEBUG_INFORMATION_FORMAT = dwarf;
				ENABLE_STRICT_OBJC_MSGSEND = YES;
				ENABLE_TESTABILITY = YES;
				GCC_C_LANGUAGE_STANDARD = gnu11;
				GCC_DYNAMIC_NO_PIC = NO;
				GCC_NO_COMMON_BLOCKS = YES;
				GCC_OPTIMIZATION_LEVEL = 0;
				GCC_PREPROCESSOR_DEFINITIONS = (
					"DEBUG=1",
					"$(inherited)",
				);
				GCC_WARN_64_TO_32_BIT_CONVERSION = YES;
				GCC_WARN_ABOUT_RETURN_TYPE = YES_ERROR;
				GCC_WARN_UNDECLARED_SELECTOR = YES;
				GCC_WARN_UNINITIALIZED_AUTOS = YES_AGGRESSIVE;
				GCC_WARN_UNUSED_FUNCTION = YES;
				GCC_WARN_UNUSED_VARIABLE = YES;
				IPHONEOS_DEPLOYMENT_TARGET = 14.2;
				MTL_ENABLE_DEBUG_INFO = INCLUDE_SOURCE;
				MTL_FAST_MATH = YES;
				ONLY_ACTIVE_ARCH = YES;
				SDKROOT = iphoneos;
				SWIFT_ACTIVE_COMPILATION_CONDITIONS = DEBUG;
				SWIFT_OPTIMIZATION_LEVEL = "-Onone";
			};
			name = Debug;
		};
		D68B2562257DD2560019B48A /* Release */ = {
			isa = XCBuildConfiguration;
			buildSettings = {
				ALWAYS_SEARCH_USER_PATHS = NO;
				CLANG_ANALYZER_NONNULL = YES;
				CLANG_ANALYZER_NUMBER_OBJECT_CONVERSION = YES_AGGRESSIVE;
				CLANG_CXX_LANGUAGE_STANDARD = "gnu++14";
				CLANG_CXX_LIBRARY = "libc++";
				CLANG_ENABLE_MODULES = YES;
				CLANG_ENABLE_OBJC_ARC = YES;
				CLANG_ENABLE_OBJC_WEAK = YES;
				CLANG_WARN_BLOCK_CAPTURE_AUTORELEASING = YES;
				CLANG_WARN_BOOL_CONVERSION = YES;
				CLANG_WARN_COMMA = YES;
				CLANG_WARN_CONSTANT_CONVERSION = YES;
				CLANG_WARN_DEPRECATED_OBJC_IMPLEMENTATIONS = YES;
				CLANG_WARN_DIRECT_OBJC_ISA_USAGE = YES_ERROR;
				CLANG_WARN_DOCUMENTATION_COMMENTS = YES;
				CLANG_WARN_EMPTY_BODY = YES;
				CLANG_WARN_ENUM_CONVERSION = YES;
				CLANG_WARN_INFINITE_RECURSION = YES;
				CLANG_WARN_INT_CONVERSION = YES;
				CLANG_WARN_NON_LITERAL_NULL_CONVERSION = YES;
				CLANG_WARN_OBJC_IMPLICIT_RETAIN_SELF = YES;
				CLANG_WARN_OBJC_LITERAL_CONVERSION = YES;
				CLANG_WARN_OBJC_ROOT_CLASS = YES_ERROR;
				CLANG_WARN_QUOTED_INCLUDE_IN_FRAMEWORK_HEADER = YES;
				CLANG_WARN_RANGE_LOOP_ANALYSIS = YES;
				CLANG_WARN_STRICT_PROTOTYPES = YES;
				CLANG_WARN_SUSPICIOUS_MOVE = YES;
				CLANG_WARN_UNGUARDED_AVAILABILITY = YES_AGGRESSIVE;
				CLANG_WARN_UNREACHABLE_CODE = YES;
				CLANG_WARN__DUPLICATE_METHOD_MATCH = YES;
				COPY_PHASE_STRIP = NO;
				DEBUG_INFORMATION_FORMAT = "dwarf-with-dsym";
				ENABLE_NS_ASSERTIONS = NO;
				ENABLE_STRICT_OBJC_MSGSEND = YES;
				GCC_C_LANGUAGE_STANDARD = gnu11;
				GCC_NO_COMMON_BLOCKS = YES;
				GCC_WARN_64_TO_32_BIT_CONVERSION = YES;
				GCC_WARN_ABOUT_RETURN_TYPE = YES_ERROR;
				GCC_WARN_UNDECLARED_SELECTOR = YES;
				GCC_WARN_UNINITIALIZED_AUTOS = YES_AGGRESSIVE;
				GCC_WARN_UNUSED_FUNCTION = YES;
				GCC_WARN_UNUSED_VARIABLE = YES;
				IPHONEOS_DEPLOYMENT_TARGET = 14.2;
				MTL_ENABLE_DEBUG_INFO = NO;
				MTL_FAST_MATH = YES;
				SDKROOT = iphoneos;
				SWIFT_COMPILATION_MODE = wholemodule;
				SWIFT_OPTIMIZATION_LEVEL = "-O";
				VALIDATE_PRODUCT = YES;
			};
			name = Release;
		};
		D68B2564257DD2560019B48A /* Debug */ = {
			isa = XCBuildConfiguration;
			buildSettings = {
				ASSETCATALOG_COMPILER_APPICON_NAME = AppIcon;
				ASSETCATALOG_COMPILER_GLOBAL_ACCENT_COLOR_NAME = AccentColor;
				CODE_SIGN_STYLE = Automatic;
				DEVELOPMENT_ASSET_PATHS = "\"WireKitSample/Preview Content\"";
				DEVELOPMENT_TEAM = JM9222EF99;
				ENABLE_PREVIEWS = YES;
				INFOPLIST_FILE = WireKitSample/Info.plist;
				IPHONEOS_DEPLOYMENT_TARGET = 14.0;
				LD_RUNPATH_SEARCH_PATHS = (
					"$(inherited)",
					"@executable_path/Frameworks",
				);
				PRODUCT_BUNDLE_IDENTIFIER = com.lesmobiles.WireKitSample;
				PRODUCT_NAME = "$(TARGET_NAME)";
				SWIFT_VERSION = 5.0;
				TARGETED_DEVICE_FAMILY = "1,2";
			};
			name = Debug;
		};
		D68B2565257DD2560019B48A /* Release */ = {
			isa = XCBuildConfiguration;
			buildSettings = {
				ASSETCATALOG_COMPILER_APPICON_NAME = AppIcon;
				ASSETCATALOG_COMPILER_GLOBAL_ACCENT_COLOR_NAME = AccentColor;
				CODE_SIGN_STYLE = Automatic;
				DEVELOPMENT_ASSET_PATHS = "\"WireKitSample/Preview Content\"";
				DEVELOPMENT_TEAM = JM9222EF99;
				ENABLE_PREVIEWS = YES;
				INFOPLIST_FILE = WireKitSample/Info.plist;
				IPHONEOS_DEPLOYMENT_TARGET = 14.0;
				LD_RUNPATH_SEARCH_PATHS = (
					"$(inherited)",
					"@executable_path/Frameworks",
				);
				PRODUCT_BUNDLE_IDENTIFIER = com.lesmobiles.WireKitSample;
				PRODUCT_NAME = "$(TARGET_NAME)";
				SWIFT_VERSION = 5.0;
				TARGETED_DEVICE_FAMILY = "1,2";
			};
			name = Release;
		};
/* End XCBuildConfiguration section */

/* Begin XCConfigurationList section */
		D68B254F257DD2550019B48A /* Build configuration list for PBXProject "WireKitSample" */ = {
			isa = XCConfigurationList;
			buildConfigurations = (
				D68B2561257DD2560019B48A /* Debug */,
				D68B2562257DD2560019B48A /* Release */,
			);
			defaultConfigurationIsVisible = 0;
			defaultConfigurationName = Release;
		};
		D68B2563257DD2560019B48A /* Build configuration list for PBXNativeTarget "WireKitSample" */ = {
			isa = XCConfigurationList;
			buildConfigurations = (
				D68B2564257DD2560019B48A /* Debug */,
				D68B2565257DD2560019B48A /* Release */,
			);
			defaultConfigurationIsVisible = 0;
			defaultConfigurationName = Release;
		};
/* End XCConfigurationList section */

/* Begin XCRemoteSwiftPackageReference section */
		D6B466A825980D2B00695194 /* XCRemoteSwiftPackageReference "WireKit" */ = {
			isa = XCRemoteSwiftPackageReference;
			repositoryURL = "git@github.com:afterxleep/WireKit.git";
			requirement = {
				kind = upToNextMinorVersion;
				minimumVersion = 1.0.0;
			};
		};
/* End XCRemoteSwiftPackageReference section */

/* Begin XCSwiftPackageProductDependency section */
		D6B466A925980D2B00695194 /* WireKit */ = {
			isa = XCSwiftPackageProductDependency;
			package = D6B466A825980D2B00695194 /* XCRemoteSwiftPackageReference "WireKit" */;
			productName = WireKit;
		};
/* End XCSwiftPackageProductDependency section */
	};
	rootObject = D68B254C257DD2550019B48A /* Project object */;
}
